
Microsoft Visual Studio Solution File, Format Version 12.00
# Visual Studio 15
VisualStudioVersion = 15.0.28010.2046
MinimumVisualStudioVersion = 10.0.40219.1
Project("{8BC9CEB8-8B4A-11D0-8D11-00A0C91BC942}") = "360复笔试", "360复笔试.vcxproj", "{C7D3A3D9-C4D2-4A6D-97F2-FAA3C2E14F38}"
EndProject
Global
	GlobalSection(SolutionConfigurationPlatforms) = preSolution
		Debug|x64 = Debug|x64
		Debug|x86 = Debug|x86
		Release|x64 = Release|x64
		Release|x86 = Release|x86
	EndGlobalSection
	GlobalSection(ProjectConfigurationPlatforms) = postSolution
		{C7D3A3D9-C4D2-4A6D-97F2-FAA3C2E14F38}.Debug|x64.ActiveCfg = Debug|x64
		{C7D3A3D9-C4D2-4A6D-97F2-FAA3C2E14F38}.Debug|x64.Build.0 = Debug|x64
		{C7D3A3D9-C4D2-4A6D-97F2-FAA3C2E14F38}.Debug|x86.ActiveCfg = Debug|Win32
		{C7D3A3D9-C4D2-4A6D-97F2-FAA3C2E14F38}.Debug|x86.Build.0 = Debug|Win32
		{C7D3A3D9-C4D2-4A6D-97F2-FAA3C2E14F38}.Release|x64.ActiveCfg = Release|x64
		{C7D3A3D9-C4D2-4A6D-97F2-FAA3C2E14F38}.Release|x64.Build.0 = Release|x64
		{C7D3A3D9-C4D2-4A6D-97F2-FAA3C2E14F38}.Release|x86.ActiveCfg = Release|Win32
		{C7D3A3D9-C4D2-4A6D-97F2-FAA3C2E14F38}.Release|x86.Build.0 = Release|Win32
	EndGlobalSection
	GlobalSection(SolutionProperties) = preSolution
		HideSolutionNode = FALSE
	EndGlobalSection
	GlobalSection(ExtensibilityGlobals) = postSolution
		SolutionGuid = {FE0499E8-8EA3-4834-AD7F-3FAFCBBA20C9}
	EndGlobalSection
EndGlobal
