
Microsoft Visual Studio Solution File, Format Version 12.00
# Visual Studio 15
VisualStudioVersion = 15.0.28010.2046
MinimumVisualStudioVersion = 10.0.40219.1
Project("{8BC9CEB8-8B4A-11D0-8D11-00A0C91BC942}") = "最大差值", "最大差值.vcxproj", "{EB218083-BE4B-4147-AD8F-FC4118D399A8}"
EndProject
Global
	GlobalSection(SolutionConfigurationPlatforms) = preSolution
		Debug|x64 = Debug|x64
		Debug|x86 = Debug|x86
		Release|x64 = Release|x64
		Release|x86 = Release|x86
	EndGlobalSection
	GlobalSection(ProjectConfigurationPlatforms) = postSolution
		{EB218083-BE4B-4147-AD8F-FC4118D399A8}.Debug|x64.ActiveCfg = Debug|x64
		{EB218083-BE4B-4147-AD8F-FC4118D399A8}.Debug|x64.Build.0 = Debug|x64
		{EB218083-BE4B-4147-AD8F-FC4118D399A8}.Debug|x86.ActiveCfg = Debug|Win32
		{EB218083-BE4B-4147-AD8F-FC4118D399A8}.Debug|x86.Build.0 = Debug|Win32
		{EB218083-BE4B-4147-AD8F-FC4118D399A8}.Release|x64.ActiveCfg = Release|x64
		{EB218083-BE4B-4147-AD8F-FC4118D399A8}.Release|x64.Build.0 = Release|x64
		{EB218083-BE4B-4147-AD8F-FC4118D399A8}.Release|x86.ActiveCfg = Release|Win32
		{EB218083-BE4B-4147-AD8F-FC4118D399A8}.Release|x86.Build.0 = Release|Win32
	EndGlobalSection
	GlobalSection(SolutionProperties) = preSolution
		HideSolutionNode = FALSE
	EndGlobalSection
	GlobalSection(ExtensibilityGlobals) = postSolution
		SolutionGuid = {36354B41-B219-466D-AEDE-318AC88058A0}
	EndGlobalSection
EndGlobal
