
Microsoft Visual Studio Solution File, Format Version 12.00
# Visual Studio 15
VisualStudioVersion = 15.0.28010.2046
MinimumVisualStudioVersion = 10.0.40219.1
Project("{8BC9CEB8-8B4A-11D0-8D11-00A0C91BC942}") = "整数的倒数", "整数的倒数.vcxproj", "{CB78F502-5E62-491A-A9B9-7655B108B1CE}"
EndProject
Global
	GlobalSection(SolutionConfigurationPlatforms) = preSolution
		Debug|x64 = Debug|x64
		Debug|x86 = Debug|x86
		Release|x64 = Release|x64
		Release|x86 = Release|x86
	EndGlobalSection
	GlobalSection(ProjectConfigurationPlatforms) = postSolution
		{CB78F502-5E62-491A-A9B9-7655B108B1CE}.Debug|x64.ActiveCfg = Debug|x64
		{CB78F502-5E62-491A-A9B9-7655B108B1CE}.Debug|x64.Build.0 = Debug|x64
		{CB78F502-5E62-491A-A9B9-7655B108B1CE}.Debug|x86.ActiveCfg = Debug|Win32
		{CB78F502-5E62-491A-A9B9-7655B108B1CE}.Debug|x86.Build.0 = Debug|Win32
		{CB78F502-5E62-491A-A9B9-7655B108B1CE}.Release|x64.ActiveCfg = Release|x64
		{CB78F502-5E62-491A-A9B9-7655B108B1CE}.Release|x64.Build.0 = Release|x64
		{CB78F502-5E62-491A-A9B9-7655B108B1CE}.Release|x86.ActiveCfg = Release|Win32
		{CB78F502-5E62-491A-A9B9-7655B108B1CE}.Release|x86.Build.0 = Release|Win32
	EndGlobalSection
	GlobalSection(SolutionProperties) = preSolution
		HideSolutionNode = FALSE
	EndGlobalSection
	GlobalSection(ExtensibilityGlobals) = postSolution
		SolutionGuid = {810C38BD-409C-44F3-8540-EF30E123CAA0}
	EndGlobalSection
EndGlobal
