
Microsoft Visual Studio Solution File, Format Version 12.00
# Visual Studio 15
VisualStudioVersion = 15.0.28010.2046
MinimumVisualStudioVersion = 10.0.40219.1
Project("{8BC9CEB8-8B4A-11D0-8D11-00A0C91BC942}") = "数组指针", "数组指针.vcxproj", "{F9E3A816-6B25-41F5-982A-9C21B0B88CFA}"
EndProject
Global
	GlobalSection(SolutionConfigurationPlatforms) = preSolution
		Debug|x64 = Debug|x64
		Debug|x86 = Debug|x86
		Release|x64 = Release|x64
		Release|x86 = Release|x86
	EndGlobalSection
	GlobalSection(ProjectConfigurationPlatforms) = postSolution
		{F9E3A816-6B25-41F5-982A-9C21B0B88CFA}.Debug|x64.ActiveCfg = Debug|x64
		{F9E3A816-6B25-41F5-982A-9C21B0B88CFA}.Debug|x64.Build.0 = Debug|x64
		{F9E3A816-6B25-41F5-982A-9C21B0B88CFA}.Debug|x86.ActiveCfg = Debug|Win32
		{F9E3A816-6B25-41F5-982A-9C21B0B88CFA}.Debug|x86.Build.0 = Debug|Win32
		{F9E3A816-6B25-41F5-982A-9C21B0B88CFA}.Release|x64.ActiveCfg = Release|x64
		{F9E3A816-6B25-41F5-982A-9C21B0B88CFA}.Release|x64.Build.0 = Release|x64
		{F9E3A816-6B25-41F5-982A-9C21B0B88CFA}.Release|x86.ActiveCfg = Release|Win32
		{F9E3A816-6B25-41F5-982A-9C21B0B88CFA}.Release|x86.Build.0 = Release|Win32
	EndGlobalSection
	GlobalSection(SolutionProperties) = preSolution
		HideSolutionNode = FALSE
	EndGlobalSection
	GlobalSection(ExtensibilityGlobals) = postSolution
		SolutionGuid = {4936C8BA-4490-4A78-A44C-CCB9F69C8F37}
	EndGlobalSection
EndGlobal
