
Microsoft Visual Studio Solution File, Format Version 12.00
# Visual Studio 15
VisualStudioVersion = 15.0.28010.2046
MinimumVisualStudioVersion = 10.0.40219.1
Project("{8BC9CEB8-8B4A-11D0-8D11-00A0C91BC942}") = "斐波那契数列(动归)", "斐波那契数列(动归).vcxproj", "{B0CAD850-1ED4-46D7-8A33-BD3DFA947A44}"
EndProject
Global
	GlobalSection(SolutionConfigurationPlatforms) = preSolution
		Debug|x64 = Debug|x64
		Debug|x86 = Debug|x86
		Release|x64 = Release|x64
		Release|x86 = Release|x86
	EndGlobalSection
	GlobalSection(ProjectConfigurationPlatforms) = postSolution
		{B0CAD850-1ED4-46D7-8A33-BD3DFA947A44}.Debug|x64.ActiveCfg = Debug|x64
		{B0CAD850-1ED4-46D7-8A33-BD3DFA947A44}.Debug|x64.Build.0 = Debug|x64
		{B0CAD850-1ED4-46D7-8A33-BD3DFA947A44}.Debug|x86.ActiveCfg = Debug|Win32
		{B0CAD850-1ED4-46D7-8A33-BD3DFA947A44}.Debug|x86.Build.0 = Debug|Win32
		{B0CAD850-1ED4-46D7-8A33-BD3DFA947A44}.Release|x64.ActiveCfg = Release|x64
		{B0CAD850-1ED4-46D7-8A33-BD3DFA947A44}.Release|x64.Build.0 = Release|x64
		{B0CAD850-1ED4-46D7-8A33-BD3DFA947A44}.Release|x86.ActiveCfg = Release|Win32
		{B0CAD850-1ED4-46D7-8A33-BD3DFA947A44}.Release|x86.Build.0 = Release|Win32
	EndGlobalSection
	GlobalSection(SolutionProperties) = preSolution
		HideSolutionNode = FALSE
	EndGlobalSection
	GlobalSection(ExtensibilityGlobals) = postSolution
		SolutionGuid = {70EF30E3-48A0-4FC1-9CBC-7FD0F4D8B9C3}
	EndGlobalSection
EndGlobal
