
Microsoft Visual Studio Solution File, Format Version 12.00
# Visual Studio 15
VisualStudioVersion = 15.0.28010.2046
MinimumVisualStudioVersion = 10.0.40219.1
Project("{8BC9CEB8-8B4A-11D0-8D11-00A0C91BC942}") = "最小的k个数（堆 ）", "最小的k个数（堆 ）.vcxproj", "{A99100ED-D57E-410C-A2A9-0B5CCB95C33B}"
EndProject
Global
	GlobalSection(SolutionConfigurationPlatforms) = preSolution
		Debug|x64 = Debug|x64
		Debug|x86 = Debug|x86
		Release|x64 = Release|x64
		Release|x86 = Release|x86
	EndGlobalSection
	GlobalSection(ProjectConfigurationPlatforms) = postSolution
		{A99100ED-D57E-410C-A2A9-0B5CCB95C33B}.Debug|x64.ActiveCfg = Debug|x64
		{A99100ED-D57E-410C-A2A9-0B5CCB95C33B}.Debug|x64.Build.0 = Debug|x64
		{A99100ED-D57E-410C-A2A9-0B5CCB95C33B}.Debug|x86.ActiveCfg = Debug|Win32
		{A99100ED-D57E-410C-A2A9-0B5CCB95C33B}.Debug|x86.Build.0 = Debug|Win32
		{A99100ED-D57E-410C-A2A9-0B5CCB95C33B}.Release|x64.ActiveCfg = Release|x64
		{A99100ED-D57E-410C-A2A9-0B5CCB95C33B}.Release|x64.Build.0 = Release|x64
		{A99100ED-D57E-410C-A2A9-0B5CCB95C33B}.Release|x86.ActiveCfg = Release|Win32
		{A99100ED-D57E-410C-A2A9-0B5CCB95C33B}.Release|x86.Build.0 = Release|Win32
	EndGlobalSection
	GlobalSection(SolutionProperties) = preSolution
		HideSolutionNode = FALSE
	EndGlobalSection
	GlobalSection(ExtensibilityGlobals) = postSolution
		SolutionGuid = {78A33C1D-3D3A-4D13-8EF2-8E906133913E}
	EndGlobalSection
EndGlobal
