
Microsoft Visual Studio Solution File, Format Version 12.00
# Visual Studio 15
VisualStudioVersion = 15.0.28010.2046
MinimumVisualStudioVersion = 10.0.40219.1
Project("{8BC9CEB8-8B4A-11D0-8D11-00A0C91BC942}") = "数组中只出现1次的数字（两个）", "数组中只出现1次的数字（两个）.vcxproj", "{99B74515-10AE-4847-8D82-61E4D752AF38}"
EndProject
Global
	GlobalSection(SolutionConfigurationPlatforms) = preSolution
		Debug|x64 = Debug|x64
		Debug|x86 = Debug|x86
		Release|x64 = Release|x64
		Release|x86 = Release|x86
	EndGlobalSection
	GlobalSection(ProjectConfigurationPlatforms) = postSolution
		{99B74515-10AE-4847-8D82-61E4D752AF38}.Debug|x64.ActiveCfg = Debug|x64
		{99B74515-10AE-4847-8D82-61E4D752AF38}.Debug|x64.Build.0 = Debug|x64
		{99B74515-10AE-4847-8D82-61E4D752AF38}.Debug|x86.ActiveCfg = Debug|Win32
		{99B74515-10AE-4847-8D82-61E4D752AF38}.Debug|x86.Build.0 = Debug|Win32
		{99B74515-10AE-4847-8D82-61E4D752AF38}.Release|x64.ActiveCfg = Release|x64
		{99B74515-10AE-4847-8D82-61E4D752AF38}.Release|x64.Build.0 = Release|x64
		{99B74515-10AE-4847-8D82-61E4D752AF38}.Release|x86.ActiveCfg = Release|Win32
		{99B74515-10AE-4847-8D82-61E4D752AF38}.Release|x86.Build.0 = Release|Win32
	EndGlobalSection
	GlobalSection(SolutionProperties) = preSolution
		HideSolutionNode = FALSE
	EndGlobalSection
	GlobalSection(ExtensibilityGlobals) = postSolution
		SolutionGuid = {AF3BA09F-CD14-4533-9579-9711A549911A}
	EndGlobalSection
EndGlobal
