
Microsoft Visual Studio Solution File, Format Version 12.00
# Visual Studio 15
VisualStudioVersion = 15.0.28010.2046
MinimumVisualStudioVersion = 10.0.40219.1
Project("{8BC9CEB8-8B4A-11D0-8D11-00A0C91BC942}") = "替换空格（需要开辟更多的空间）", "替换空格（需要开辟更多的空间）.vcxproj", "{EEE678EA-3A65-4715-ADDE-25728EB3D4E7}"
EndProject
Global
	GlobalSection(SolutionConfigurationPlatforms) = preSolution
		Debug|x64 = Debug|x64
		Debug|x86 = Debug|x86
		Release|x64 = Release|x64
		Release|x86 = Release|x86
	EndGlobalSection
	GlobalSection(ProjectConfigurationPlatforms) = postSolution
		{EEE678EA-3A65-4715-ADDE-25728EB3D4E7}.Debug|x64.ActiveCfg = Debug|x64
		{EEE678EA-3A65-4715-ADDE-25728EB3D4E7}.Debug|x64.Build.0 = Debug|x64
		{EEE678EA-3A65-4715-ADDE-25728EB3D4E7}.Debug|x86.ActiveCfg = Debug|Win32
		{EEE678EA-3A65-4715-ADDE-25728EB3D4E7}.Debug|x86.Build.0 = Debug|Win32
		{EEE678EA-3A65-4715-ADDE-25728EB3D4E7}.Release|x64.ActiveCfg = Release|x64
		{EEE678EA-3A65-4715-ADDE-25728EB3D4E7}.Release|x64.Build.0 = Release|x64
		{EEE678EA-3A65-4715-ADDE-25728EB3D4E7}.Release|x86.ActiveCfg = Release|Win32
		{EEE678EA-3A65-4715-ADDE-25728EB3D4E7}.Release|x86.Build.0 = Release|Win32
	EndGlobalSection
	GlobalSection(SolutionProperties) = preSolution
		HideSolutionNode = FALSE
	EndGlobalSection
	GlobalSection(ExtensibilityGlobals) = postSolution
		SolutionGuid = {FD3188C9-E286-457D-91EA-6D65D661715E}
	EndGlobalSection
EndGlobal
