
Microsoft Visual Studio Solution File, Format Version 12.00
# Visual Studio 15
VisualStudioVersion = 15.0.28010.2046
MinimumVisualStudioVersion = 10.0.40219.1
Project("{8BC9CEB8-8B4A-11D0-8D11-00A0C91BC942}") = "二叉树的下一个结点", "二叉树的下一个结点.vcxproj", "{B0416C43-D90D-4DEF-A075-710C6AD2B6D1}"
EndProject
Global
	GlobalSection(SolutionConfigurationPlatforms) = preSolution
		Debug|x64 = Debug|x64
		Debug|x86 = Debug|x86
		Release|x64 = Release|x64
		Release|x86 = Release|x86
	EndGlobalSection
	GlobalSection(ProjectConfigurationPlatforms) = postSolution
		{B0416C43-D90D-4DEF-A075-710C6AD2B6D1}.Debug|x64.ActiveCfg = Debug|x64
		{B0416C43-D90D-4DEF-A075-710C6AD2B6D1}.Debug|x64.Build.0 = Debug|x64
		{B0416C43-D90D-4DEF-A075-710C6AD2B6D1}.Debug|x86.ActiveCfg = Debug|Win32
		{B0416C43-D90D-4DEF-A075-710C6AD2B6D1}.Debug|x86.Build.0 = Debug|Win32
		{B0416C43-D90D-4DEF-A075-710C6AD2B6D1}.Release|x64.ActiveCfg = Release|x64
		{B0416C43-D90D-4DEF-A075-710C6AD2B6D1}.Release|x64.Build.0 = Release|x64
		{B0416C43-D90D-4DEF-A075-710C6AD2B6D1}.Release|x86.ActiveCfg = Release|Win32
		{B0416C43-D90D-4DEF-A075-710C6AD2B6D1}.Release|x86.Build.0 = Release|Win32
	EndGlobalSection
	GlobalSection(SolutionProperties) = preSolution
		HideSolutionNode = FALSE
	EndGlobalSection
	GlobalSection(ExtensibilityGlobals) = postSolution
		SolutionGuid = {AFF9FB17-0CAA-4294-9AA3-425753082DA5}
	EndGlobalSection
EndGlobal
