
Microsoft Visual Studio Solution File, Format Version 12.00
# Visual Studio 15
VisualStudioVersion = 15.0.28010.2046
MinimumVisualStudioVersion = 10.0.40219.1
Project("{8BC9CEB8-8B4A-11D0-8D11-00A0C91BC942}") = "括号匹配问题", "括号匹配问题.vcxproj", "{4DD630F6-DAD8-48D1-9D9F-08FCCBDBEBAB}"
EndProject
Global
	GlobalSection(SolutionConfigurationPlatforms) = preSolution
		Debug|x64 = Debug|x64
		Debug|x86 = Debug|x86
		Release|x64 = Release|x64
		Release|x86 = Release|x86
	EndGlobalSection
	GlobalSection(ProjectConfigurationPlatforms) = postSolution
		{4DD630F6-DAD8-48D1-9D9F-08FCCBDBEBAB}.Debug|x64.ActiveCfg = Debug|x64
		{4DD630F6-DAD8-48D1-9D9F-08FCCBDBEBAB}.Debug|x64.Build.0 = Debug|x64
		{4DD630F6-DAD8-48D1-9D9F-08FCCBDBEBAB}.Debug|x86.ActiveCfg = Debug|Win32
		{4DD630F6-DAD8-48D1-9D9F-08FCCBDBEBAB}.Debug|x86.Build.0 = Debug|Win32
		{4DD630F6-DAD8-48D1-9D9F-08FCCBDBEBAB}.Release|x64.ActiveCfg = Release|x64
		{4DD630F6-DAD8-48D1-9D9F-08FCCBDBEBAB}.Release|x64.Build.0 = Release|x64
		{4DD630F6-DAD8-48D1-9D9F-08FCCBDBEBAB}.Release|x86.ActiveCfg = Release|Win32
		{4DD630F6-DAD8-48D1-9D9F-08FCCBDBEBAB}.Release|x86.Build.0 = Release|Win32
	EndGlobalSection
	GlobalSection(SolutionProperties) = preSolution
		HideSolutionNode = FALSE
	EndGlobalSection
	GlobalSection(ExtensibilityGlobals) = postSolution
		SolutionGuid = {804199AE-F679-415B-99FC-99B7436A24C7}
	EndGlobalSection
EndGlobal
