
Microsoft Visual Studio Solution File, Format Version 12.00
# Visual Studio 15
VisualStudioVersion = 15.0.28010.2046
MinimumVisualStudioVersion = 10.0.40219.1
Project("{8BC9CEB8-8B4A-11D0-8D11-00A0C91BC942}") = "将秒转换为时间", "将秒转换为时间.vcxproj", "{771FB8F7-F4C0-4189-9C87-5B4D66032B2C}"
EndProject
Global
	GlobalSection(SolutionConfigurationPlatforms) = preSolution
		Debug|x64 = Debug|x64
		Debug|x86 = Debug|x86
		Release|x64 = Release|x64
		Release|x86 = Release|x86
	EndGlobalSection
	GlobalSection(ProjectConfigurationPlatforms) = postSolution
		{771FB8F7-F4C0-4189-9C87-5B4D66032B2C}.Debug|x64.ActiveCfg = Debug|x64
		{771FB8F7-F4C0-4189-9C87-5B4D66032B2C}.Debug|x64.Build.0 = Debug|x64
		{771FB8F7-F4C0-4189-9C87-5B4D66032B2C}.Debug|x86.ActiveCfg = Debug|Win32
		{771FB8F7-F4C0-4189-9C87-5B4D66032B2C}.Debug|x86.Build.0 = Debug|Win32
		{771FB8F7-F4C0-4189-9C87-5B4D66032B2C}.Release|x64.ActiveCfg = Release|x64
		{771FB8F7-F4C0-4189-9C87-5B4D66032B2C}.Release|x64.Build.0 = Release|x64
		{771FB8F7-F4C0-4189-9C87-5B4D66032B2C}.Release|x86.ActiveCfg = Release|Win32
		{771FB8F7-F4C0-4189-9C87-5B4D66032B2C}.Release|x86.Build.0 = Release|Win32
	EndGlobalSection
	GlobalSection(SolutionProperties) = preSolution
		HideSolutionNode = FALSE
	EndGlobalSection
	GlobalSection(ExtensibilityGlobals) = postSolution
		SolutionGuid = {52163B94-8649-4D6F-8442-524467C312A2}
	EndGlobalSection
EndGlobal
